
Microsoft Visual Studio Solution File, Format Version 12.00
# Visual Studio 14
VisualStudioVersion = 14.0.23107.0
MinimumVisualStudioVersion = 10.0.40219.1
Project("{FAE04EC0-301F-11D3-BF4B-00C04F79EFBC}") = "iConsole.DataAccessLayer", "iConsole.DataAccessLayer\iConsole.DataAccessLayer.csproj", "{77BACEAF-9F65-4D1F-A53F-7FA59426461D}"
EndProject
Project("{E24C65DC-7377-472B-9ABA-BC803B73C61A}") = "iconsole.webui", "iconsole.webui\", "{67862B17-4979-46C0-8224-2C45C3E0F265}"
	ProjectSection(WebsiteProperties) = preProject
		TargetFrameworkMoniker = ".NETFramework,Version%3Dv3.5"
		ProjectReferences = "{77BACEAF-9F65-4D1F-A53F-7FA59426461D}|iConsole.DataAccessLayer.dll;"
		Debug.AspNetCompiler.VirtualPath = "/iconsole.webui"
		Debug.AspNetCompiler.PhysicalPath = "iconsole.webui\"
		Debug.AspNetCompiler.TargetPath = "PrecompiledWeb\iconsole.webui\"
		Debug.AspNetCompiler.Updateable = "true"
		Debug.AspNetCompiler.ForceOverwrite = "true"
		Debug.AspNetCompiler.FixedNames = "false"
		Debug.AspNetCompiler.Debug = "True"
		Release.AspNetCompiler.VirtualPath = "/iconsole.webui"
		Release.AspNetCompiler.PhysicalPath = "iconsole.webui\"
		Release.AspNetCompiler.TargetPath = "PrecompiledWeb\iconsole.webui\"
		Release.AspNetCompiler.Updateable = "true"
		Release.AspNetCompiler.ForceOverwrite = "true"
		Release.AspNetCompiler.FixedNames = "false"
		Release.AspNetCompiler.Debug = "False"
		VWDPort = "57567"
		SlnRelativePath = "iconsole.webui\"
		DefaultWebSiteLanguage = "Visual C#"
	EndProjectSection
EndProject
Global
	GlobalSection(SolutionConfigurationPlatforms) = preSolution
		Debug|Any CPU = Debug|Any CPU
		Release|Any CPU = Release|Any CPU
	EndGlobalSection
	GlobalSection(ProjectConfigurationPlatforms) = postSolution
		{77BACEAF-9F65-4D1F-A53F-7FA59426461D}.Debug|Any CPU.ActiveCfg = Debug|Any CPU
		{77BACEAF-9F65-4D1F-A53F-7FA59426461D}.Debug|Any CPU.Build.0 = Debug|Any CPU
		{77BACEAF-9F65-4D1F-A53F-7FA59426461D}.Release|Any CPU.ActiveCfg = Release|Any CPU
		{77BACEAF-9F65-4D1F-A53F-7FA59426461D}.Release|Any CPU.Build.0 = Release|Any CPU
		{67862B17-4979-46C0-8224-2C45C3E0F265}.Debug|Any CPU.ActiveCfg = Debug|Any CPU
		{67862B17-4979-46C0-8224-2C45C3E0F265}.Debug|Any CPU.Build.0 = Debug|Any CPU
		{67862B17-4979-46C0-8224-2C45C3E0F265}.Release|Any CPU.ActiveCfg = Debug|Any CPU
		{67862B17-4979-46C0-8224-2C45C3E0F265}.Release|Any CPU.Build.0 = Debug|Any CPU
	EndGlobalSection
	GlobalSection(SolutionProperties) = preSolution
		HideSolutionNode = FALSE
	EndGlobalSection
EndGlobal
